
Microsoft Visual Studio Solution File, Format Version 12.00
# Visual Studio Version 17
VisualStudioVersion = 17.0.32014.148
MinimumVisualStudioVersion = 10.0.40219.1
Project("{FAE04EC0-301F-11D3-BF4B-00C04F79EFBC}") = "1204ConsoleApp", "1204ConsoleApp\1204ConsoleApp.csproj", "{AE33ED17-4211-459D-876D-0B8B0A7C2E2C}"
EndProject
Global
	GlobalSection(SolutionConfigurationPlatforms) = preSolution
		Debug|Any CPU = Debug|Any CPU
		Release|Any CPU = Release|Any CPU
	EndGlobalSection
	GlobalSection(ProjectConfigurationPlatforms) = postSolution
		{AE33ED17-4211-459D-876D-0B8B0A7C2E2C}.Debug|Any CPU.ActiveCfg = Debug|Any CPU
		{AE33ED17-4211-459D-876D-0B8B0A7C2E2C}.Debug|Any CPU.Build.0 = Debug|Any CPU
		{AE33ED17-4211-459D-876D-0B8B0A7C2E2C}.Release|Any CPU.ActiveCfg = Release|Any CPU
		{AE33ED17-4211-459D-876D-0B8B0A7C2E2C}.Release|Any CPU.Build.0 = Release|Any CPU
	EndGlobalSection
	GlobalSection(SolutionProperties) = preSolution
		HideSolutionNode = FALSE
	EndGlobalSection
	GlobalSection(ExtensibilityGlobals) = postSolution
		SolutionGuid = {0CEBF2A7-5269-4074-9A79-ABEEA8B08209}
	EndGlobalSection
EndGlobal
